
Microsoft Visual Studio Solution File, Format Version 12.00
# Visual Studio Version 16
VisualStudioVersion = 16.0.30517.126
MinimumVisualStudioVersion = 10.0.40219.1
Project("{FAE04EC0-301F-11D3-BF4B-00C04F79EFBC}") = "FileSort", "FileSort\FileSort.csproj", "{DE3F6257-F854-4A2A-8915-CB65650D55C3}"
EndProject
Global
	GlobalSection(SolutionConfigurationPlatforms) = preSolution
		Debug|Any CPU = Debug|Any CPU
		Release|Any CPU = Release|Any CPU
	EndGlobalSection
	GlobalSection(ProjectConfigurationPlatforms) = postSolution
		{DE3F6257-F854-4A2A-8915-CB65650D55C3}.Debug|Any CPU.ActiveCfg = Debug|Any CPU
		{DE3F6257-F854-4A2A-8915-CB65650D55C3}.Debug|Any CPU.Build.0 = Debug|Any CPU
		{DE3F6257-F854-4A2A-8915-CB65650D55C3}.Release|Any CPU.ActiveCfg = Release|Any CPU
		{DE3F6257-F854-4A2A-8915-CB65650D55C3}.Release|Any CPU.Build.0 = Release|Any CPU
	EndGlobalSection
	GlobalSection(SolutionProperties) = preSolution
		HideSolutionNode = FALSE
	EndGlobalSection
	GlobalSection(ExtensibilityGlobals) = postSolution
		SolutionGuid = {8B1598FB-5F07-40C3-A73C-B8ADD404FDA0}
	EndGlobalSection
EndGlobal
