
Microsoft Visual Studio Solution File, Format Version 12.00
# Visual Studio Version 16
VisualStudioVersion = 16.0.30517.126
MinimumVisualStudioVersion = 10.0.40219.1
Project("{FAE04EC0-301F-11D3-BF4B-00C04F79EFBC}") = "DictionnaryGenerator", "DictionnaryGenerator\DictionnaryGenerator.csproj", "{885C1F87-22FA-4C85-99EC-56E990AD2E97}"
EndProject
Global
	GlobalSection(SolutionConfigurationPlatforms) = preSolution
		Debug|Any CPU = Debug|Any CPU
		Release|Any CPU = Release|Any CPU
	EndGlobalSection
	GlobalSection(ProjectConfigurationPlatforms) = postSolution
		{885C1F87-22FA-4C85-99EC-56E990AD2E97}.Debug|Any CPU.ActiveCfg = Debug|Any CPU
		{885C1F87-22FA-4C85-99EC-56E990AD2E97}.Debug|Any CPU.Build.0 = Debug|Any CPU
		{885C1F87-22FA-4C85-99EC-56E990AD2E97}.Release|Any CPU.ActiveCfg = Release|Any CPU
		{885C1F87-22FA-4C85-99EC-56E990AD2E97}.Release|Any CPU.Build.0 = Release|Any CPU
	EndGlobalSection
	GlobalSection(SolutionProperties) = preSolution
		HideSolutionNode = FALSE
	EndGlobalSection
	GlobalSection(ExtensibilityGlobals) = postSolution
		SolutionGuid = {A4B0C14A-6E42-4534-A6F9-D9255CE5A514}
	EndGlobalSection
EndGlobal
